{
  "object": {
    "pins": [
      {
        "package": "Socket",
        "repositoryURL": "https://github.com/IBM-Swift/BlueSocket",
        "state": {
          "branch": null,
          "revision": "c46a3d41f5b2401d18bcb46d0101cdc5cd13e307",
          "version": "1.0.52"
        }
      },
      {
        "package": "Cleverbot",
        "repositoryURL": "https://github.com/nuclearace/CleverSwift",
        "state": {
          "branch": null,
          "revision": "7fd05b1403b71eb5d92c3adfc18c37b5090fc879",
          "version": "0.2.0"
        }
      },
      {
        "package": "COPUS",
        "repositoryURL": "https://github.com/nuclearace/copus",
        "state": {
          "branch": null,
          "revision": "a2af57fa582c0191789f446cc430615ee7e41d4f",
          "version": "2.1.1"
        }
      },
      {
        "package": "CryptoSwift",
        "repositoryURL": "https://github.com/krzyzanowskim/CryptoSwift",
        "state": {
          "branch": null,
          "revision": "79ac632c85df81f2618dd838fc3869633e163370",
          "version": "1.2.0"
        }
      },
      {
        "package": "http-kit",
        "repositoryURL": "https://github.com/vapor/http",
        "state": {
          "branch": null,
          "revision": "3e49ea0b7c16ee0e0985babff9659d467d4f59fd",
          "version": null
        }
      },
      {
        "package": "Sodium",
        "repositoryURL": "https://github.com/nuclearace/Sodium",
        "state": {
          "branch": null,
          "revision": "5812a3d879b77aae0fdfbd62d0e8354e914d15ae",
          "version": "2.0.0"
        }
      },
      {
        "package": "swift-log",
        "repositoryURL": "https://github.com/apple/swift-log.git",
        "state": {
          "branch": "master",
          "revision": "012cff81f6c22c1783a81c2a13ddff11e6afe156",
          "version": null
        }
      },
      {
        "package": "swift-nio",
        "repositoryURL": "https://github.com/apple/swift-nio.git",
        "state": {
          "branch": null,
          "revision": "ff01888051cd7efceb1bf8319c1dd3986c4bf6fc",
          "version": "2.10.1"
        }
      },
      {
        "package": "swift-nio-extras",
        "repositoryURL": "https://github.com/apple/swift-nio-extras.git",
        "state": {
          "branch": null,
          "revision": "53808818c2015c45247cad74dc05c7a032c96a2f",
          "version": "1.3.2"
        }
      },
      {
        "package": "swift-nio-http2",
        "repositoryURL": "https://github.com/apple/swift-nio-http2.git",
        "state": {
          "branch": null,
          "revision": "867259332c45d5405efed844f7b3997ebfa94167",
          "version": "1.7.2"
        }
      },
      {
        "package": "swift-nio-ssl",
        "repositoryURL": "https://github.com/apple/swift-nio-ssl.git",
        "state": {
          "branch": null,
          "revision": "ccf96bbe65ecc7c1558ab0dba7ffabdea5c1d31f",
          "version": "2.4.4"
        }
      },
      {
        "package": "SwiftRateLimiter",
        "repositoryURL": "https://github.com/nuclearace/SwiftRateLimiter",
        "state": {
          "branch": null,
          "revision": "a6d34d5e73eccdfb90f9a3703f321d1db983b64c",
          "version": "3.0.0"
        }
      },
      {
        "package": "websocket-kit",
        "repositoryURL": "https://github.com/vapor/websocket-kit",
        "state": {
          "branch": null,
          "revision": "66c0ea58398f055b5a0d92b0d5f4c32ef0c02eeb",
          "version": null
        }
      }
    ]
  },
  "version": 1
}
